# This file is automatically @generated by Cargo.
# It is not intended for manual editing.
version = 3

[[package]]
name = "autocfg"
version = "1.2.0"
source = "registry+https://github.com/rust-lang/crates.io-index"
checksum = "f1fdabc7756949593fe60f30ec81974b613357de856987752631dea1e3394c80"

[[package]]
name = "crusty-line"
version = "0.1.0"
dependencies = [
 "embedded-line-edit",
]

[[package]]
name = "derive_more"
version = "1.0.0-beta.6"
source = "registry+https://github.com/rust-lang/crates.io-index"
checksum = "f7abbfc297053be59290e3152f8cbcd52c8642e0728b69ee187d991d4c1af08d"
dependencies = [
 "derive_more-impl",
]

[[package]]
name = "derive_more-impl"
version = "1.0.0-beta.6"
source = "registry+https://github.com/rust-lang/crates.io-index"
checksum = "2bba3e9872d7c58ce7ef0fcf1844fcc3e23ef2a58377b50df35dd98e42a5726e"
dependencies = [
 "proc-macro2",
 "quote",
 "syn",
 "unicode-xid",
]

[[package]]
name = "dratinit"
version = "0.0.0"
dependencies = [
 "crusty-line",
 "kanto",
]

[[package]]
name = "embedded-line-edit"
version = "0.0.0"
dependencies = [
 "derive_more",
 "ringbuffer",
 "utf8-parser",
]

[[package]]
name = "enumn"
version = "0.1.13"
source = "registry+https://github.com/rust-lang/crates.io-index"
checksum = "6fd000fd6988e73bbe993ea3db9b1aa64906ab88766d654973924340c8cddb42"
dependencies = [
 "proc-macro2",
 "quote",
 "syn",
]

[[package]]
name = "gary"
version = "0.1.0"
dependencies = [
 "kanto",
]

[[package]]
name = "kanto"
version = "0.0.0"
dependencies = [
 "krabby-abi",
 "lock_api",
 "talc",
]

[[package]]
name = "krabby-abi"
version = "0.1.0"
dependencies = [
 "enumn",
]

[[package]]
name = "lock_api"
version = "0.4.11"
source = "registry+https://github.com/rust-lang/crates.io-index"
checksum = "3c168f8615b12bc01f9c17e2eb0cc07dcae1940121185446edc3744920e8ef45"
dependencies = [
 "autocfg",
 "scopeguard",
]

[[package]]
name = "proc-macro2"
version = "1.0.80"
source = "registry+https://github.com/rust-lang/crates.io-index"
checksum = "a56dea16b0a29e94408b9aa5e2940a4eedbd128a1ba20e8f7ae60fd3d465af0e"
dependencies = [
 "unicode-ident",
]

[[package]]
name = "quote"
version = "1.0.36"
source = "registry+https://github.com/rust-lang/crates.io-index"
checksum = "0fa76aaf39101c457836aec0ce2316dbdc3ab723cdda1c6bd4e6ad4208acaca7"
dependencies = [
 "proc-macro2",
]

[[package]]
name = "ringbuffer"
version = "0.15.0"
source = "registry+https://github.com/rust-lang/crates.io-index"
checksum = "3df6368f71f205ff9c33c076d170dd56ebf68e8161c733c0caa07a7a5509ed53"

[[package]]
name = "scopeguard"
version = "1.2.0"
source = "registry+https://github.com/rust-lang/crates.io-index"
checksum = "94143f37725109f92c262ed2cf5e59bce7498c01bcc1502d7b9afe439a4e9f49"

[[package]]
name = "syn"
version = "2.0.59"
source = "registry+https://github.com/rust-lang/crates.io-index"
checksum = "4a6531ffc7b071655e4ce2e04bd464c4830bb585a61cabb96cf808f05172615a"
dependencies = [
 "proc-macro2",
 "quote",
 "unicode-ident",
]

[[package]]
name = "talc"
version = "4.4.0"
source = "registry+https://github.com/rust-lang/crates.io-index"
checksum = "99fd7baf7741cf3749967c73529ec946c09adcfb44a5256fa92f37623fcbda9f"
dependencies = [
 "lock_api",
]

[[package]]
name = "unicode-ident"
version = "1.0.12"
source = "registry+https://github.com/rust-lang/crates.io-index"
checksum = "3354b9ac3fae1ff6755cb6db53683adb661634f67557942dea4facebec0fee4b"

[[package]]
name = "unicode-xid"
version = "0.2.4"
source = "registry+https://github.com/rust-lang/crates.io-index"
checksum = "f962df74c8c05a667b5ee8bcf162993134c104e96440b663c8daa176dc772d8c"

[[package]]
name = "utf8-parser"
version = "0.0.4"
source = "registry+https://github.com/rust-lang/crates.io-index"
checksum = "21ae3c5e867a4245df030f327d2b7f93f8992df53f671067e11c50e32684482e"
